<?xml version="1.0" encoding="utf-8"?>
<Project ToolsVersion="4.0" xmlns="http://schemas.microsoft.com/developer/msbuild/2003">
  <ItemGroup>
    <Filter Include="src">
      <UniqueIdentifier>{b47b487e-8eac-4757-b17b-29008ab5a656}</UniqueIdentifier>
    </Filter>
    <Filter Include="src\RenderDevice">
      <UniqueIdentifier>{8cc891c0-3378-44db-a4cc-a3ce39f9bda1}</UniqueIdentifier>
    </Filter>
    <Filter Include="src\Resources">
      <UniqueIdentifier>{ddcb04d9-708b-4dbf-b638-236a1a041335}</UniqueIdentifier>
    </Filter>
    <Filter Include="src\Buffers">
      <UniqueIdentifier>{99149c37-a63a-47ae-8b69-523f2363d42f}</UniqueIdentifier>
    </Filter>
    <Filter Include="src\Renderers">
      <UniqueIdentifier>{802065ae-e34f-4c4d-9de4-b2422b076aa1}</UniqueIdentifier>
    </Filter>
    <Filter Include="src\Renderers\Renderer2d">
      <UniqueIdentifier>{e0711f13-e2d2-49f8-bf4c-5431a7d323dd}</UniqueIdentifier>
    </Filter>
    <Filter Include="src\Renderers\Renderer3d">
      <UniqueIdentifier>{62a6fdf6-cc17-4e12-adf6-8e2582a88e7b}</UniqueIdentifier>
    </Filter>
    <Filter Include="src\InputDevice">
      <UniqueIdentifier>{14207a50-f10e-4394-a948-94755c73072b}</UniqueIdentifier>
    </Filter>
    <Filter Include="src\Sprite">
      <UniqueIdentifier>{075f2697-8a25-4ff8-b92b-49631bf0b5dc}</UniqueIdentifier>
    </Filter>
    <Filter Include="src\Animation3d">
      <UniqueIdentifier>{a2329c46-c70a-46b5-b051-a056fb7da2af}</UniqueIdentifier>
    </Filter>
    <Filter Include="src\Animation2d">
      <UniqueIdentifier>{6c31fb6b-366b-4ff5-8667-b0241d849fd8}</UniqueIdentifier>
    </Filter>
    <Filter Include="src\Projector">
      <UniqueIdentifier>{791c494e-f8ff-4638-afed-aef6b7308be4}</UniqueIdentifier>
    </Filter>
    <Filter Include="src\Game">
      <UniqueIdentifier>{92269b4c-3b87-47fd-8b61-a313a17a0edd}</UniqueIdentifier>
    </Filter>
    <Filter Include="src\Objects">
      <UniqueIdentifier>{16e2a9b4-3af9-4fff-8a16-7b1bf144037f}</UniqueIdentifier>
    </Filter>
    <Filter Include="src\Shapes">
      <UniqueIdentifier>{4114a761-856b-4f66-a14f-0f71bba9c243}</UniqueIdentifier>
    </Filter>
    <Filter Include="src\Actions">
      <UniqueIdentifier>{d5e40606-7024-45ca-a7af-82aeba080944}</UniqueIdentifier>
    </Filter>
    <Filter Include="src\Colors">
      <UniqueIdentifier>{5f7b1133-9e14-437b-a978-59f6994bad23}</UniqueIdentifier>
    </Filter>
    <Filter Include="src\Gui">
      <UniqueIdentifier>{9f5332b1-d654-4e9a-aa21-c0071fadf2d6}</UniqueIdentifier>
    </Filter>
    <Filter Include="src\GuiEffects">
      <UniqueIdentifier>{00008779-2d46-4835-9186-6014d9228bb2}</UniqueIdentifier>
    </Filter>
    <Filter Include="src\Collisions">
      <UniqueIdentifier>{f536cdea-fda2-4ec8-a6dd-08e40016cde5}</UniqueIdentifier>
    </Filter>
    <Filter Include="src\Collisions\Colliders">
      <UniqueIdentifier>{95bd1268-8c21-4d41-8e24-689f3bd3d304}</UniqueIdentifier>
    </Filter>
    <Filter Include="src\Renderers\SimpleRenderer">
      <UniqueIdentifier>{bdeb37d4-b934-49c1-848d-99818b19d167}</UniqueIdentifier>
    </Filter>
    <Filter Include="src\Resources\ShaderResources">
      <UniqueIdentifier>{71c8206f-b8d7-4e03-a2f5-066873d01f2f}</UniqueIdentifier>
    </Filter>
    <Filter Include="src\Resources\OtherResources">
      <UniqueIdentifier>{572e44ab-42dc-4f03-9084-d1c91d73c562}</UniqueIdentifier>
    </Filter>
    <Filter Include="src\Resources\LoadableResource">
      <UniqueIdentifier>{9f154164-f4b6-4047-bccc-156f2d1e57be}</UniqueIdentifier>
    </Filter>
    <Filter Include="libs">
      <UniqueIdentifier>{7ccd6687-4778-48e8-8e0a-e7fa538c3909}</UniqueIdentifier>
    </Filter>
    <Filter Include="src\AnimationFbx">
      <UniqueIdentifier>{254a46f2-6af8-48da-b731-b899aa518649}</UniqueIdentifier>
    </Filter>
    <Filter Include="src\Resources\ModelResources">
      <UniqueIdentifier>{1191deec-7391-498d-bb5b-16a5b100621b}</UniqueIdentifier>
    </Filter>
    <Filter Include="src\Model">
      <UniqueIdentifier>{c8170a72-b4dc-466c-b166-5b99e072a9cd}</UniqueIdentifier>
    </Filter>
    <Filter Include="src\OfbxSceneWrapper">
      <UniqueIdentifier>{cc00dc88-33c3-464a-aa4c-b5e7ce755153}</UniqueIdentifier>
    </Filter>
    <Filter Include="src\Shaders">
      <UniqueIdentifier>{ad92b70c-58a2-4873-9424-36eb52cc8f47}</UniqueIdentifier>
    </Filter>
    <Filter Include="src\Shaders\OceanShader">
      <UniqueIdentifier>{a0693b33-64d3-4cb9-b259-dc1226f47c80}</UniqueIdentifier>
    </Filter>
    <Filter Include="src\InputDevices">
      <UniqueIdentifier>{774b64b4-2f70-4ef3-b7fc-e1df3ea52038}</UniqueIdentifier>
    </Filter>
    <Filter Include="src\InputControllers">
      <UniqueIdentifier>{71d18a63-491b-4b0a-9547-2346a414a9da}</UniqueIdentifier>
    </Filter>
    <Filter Include="src\Cameras">
      <UniqueIdentifier>{17410187-afc1-4479-b6d6-10092edbd729}</UniqueIdentifier>
    </Filter>
  </ItemGroup>
  <ItemGroup>
    <ClInclude Include="stdafx.h">
      <Filter>src</Filter>
    </ClInclude>
    <ClInclude Include="RenderDevice.h">
      <Filter>src\RenderDevice</Filter>
    </ClInclude>
    <ClInclude Include="IRenderDevice.h">
      <Filter>src\RenderDevice</Filter>
    </ClInclude>
    <ClInclude Include="ThirdPersonCamera.h">
      <Filter>src\Cameras</Filter>
    </ClInclude>
    <ClInclude Include="ICamera.h">
      <Filter>src\Cameras</Filter>
    </ClInclude>
    <ClInclude Include="ResourceController.h">
      <Filter>src\Resources</Filter>
    </ClInclude>
    <ClInclude Include="IResourceController.h">
      <Filter>src\Resources</Filter>
    </ClInclude>
    <ClInclude Include="TextureResource.h">
      <Filter>src\Resources\OtherResources</Filter>
    </ClInclude>
    <ClInclude Include="MeshLoader.h">
      <Filter>src\Model</Filter>
    </ClInclude>
    <ClInclude Include="VertexTypes.h">
      <Filter>src\Model</Filter>
    </ClInclude>
    <ClInclude Include="MaterialSequence.h">
      <Filter>src\Model</Filter>
    </ClInclude>
    <ClInclude Include="Material.h">
      <Filter>src\Model</Filter>
    </ClInclude>
    <ClInclude Include="VertexBuffer.h">
      <Filter>src\Buffers</Filter>
    </ClInclude>
    <ClInclude Include="IndexBuffer.h">
      <Filter>src\Buffers</Filter>
    </ClInclude>
    <ClInclude Include="ShaderBuffers.h">
      <Filter>src\Buffers</Filter>
    </ClInclude>
    <ClInclude Include="FontResource.h">
      <Filter>src\Resources\OtherResources</Filter>
    </ClInclude>
    <ClInclude Include="IRenderer3d.h">
      <Filter>src\Renderers\Renderer3d</Filter>
    </ClInclude>
    <ClInclude Include="Renderer3d.h">
      <Filter>src\Renderers\Renderer3d</Filter>
    </ClInclude>
    <ClInclude Include="IRenderer2d.h">
      <Filter>src\Renderers\Renderer2d</Filter>
    </ClInclude>
    <ClInclude Include="Renderer2d.h">
      <Filter>src\Renderers\Renderer2d</Filter>
    </ClInclude>
    <ClInclude Include="IRenderer.h">
      <Filter>src\Renderers</Filter>
    </ClInclude>
    <ClInclude Include="LaggyDxFwd.h">
      <Filter>src</Filter>
    </ClInclude>
    <ClInclude Include="IInputDevice.h">
      <Filter>src\InputDevice</Filter>
    </ClInclude>
    <ClInclude Include="InputDevice.h">
      <Filter>src\InputDevice</Filter>
    </ClInclude>
    <ClInclude Include="KeyboardState.h">
      <Filter>src\InputDevices</Filter>
    </ClInclude>
    <ClInclude Include="Sprite.h">
      <Filter>src\Sprite</Filter>
    </ClInclude>
    <ClInclude Include="MouseState.h">
      <Filter>src\InputDevices</Filter>
    </ClInclude>
    <ClInclude Include="ITextureResource.h">
      <Filter>src\Resources\OtherResources</Filter>
    </ClInclude>
    <ClInclude Include="IFontResource.h">
      <Filter>src\Resources\OtherResources</Filter>
    </ClInclude>
    <ClInclude Include="IAnimationController3d.h">
      <Filter>src\Animation3d</Filter>
    </ClInclude>
    <ClInclude Include="AnimationController3d.h">
      <Filter>src\Animation3d</Filter>
    </ClInclude>
    <ClInclude Include="ImageDescription.h">
      <Filter>src\Animation2d</Filter>
    </ClInclude>
    <ClInclude Include="ImageAnimation.h">
      <Filter>src\Animation2d</Filter>
    </ClInclude>
    <ClInclude Include="AnimatedSprite.h">
      <Filter>src\Sprite</Filter>
    </ClInclude>
    <ClInclude Include="KeyboardKeysState.h">
      <Filter>src\InputDevices</Filter>
    </ClInclude>
    <ClInclude Include="KeyboardKeys.h">
      <Filter>src\InputDevices</Filter>
    </ClInclude>
    <ClInclude Include="MouseKeysState.h">
      <Filter>src\InputDevices</Filter>
    </ClInclude>
    <ClInclude Include="MouseKeys.h">
      <Filter>src\InputDevices</Filter>
    </ClInclude>
    <ClInclude Include="Renderer2dGuard.h">
      <Filter>src\Renderers\Renderer2d</Filter>
    </ClInclude>
    <ClInclude Include="Projector.h">
      <Filter>src\Projector</Filter>
    </ClInclude>
    <ClInclude Include="Game.h">
      <Filter>src\Game</Filter>
    </ClInclude>
    <ClInclude Include="GameSettings.h">
      <Filter>src\Game</Filter>
    </ClInclude>
    <ClInclude Include="ObjectCollection.h">
      <Filter>src\Objects</Filter>
    </ClInclude>
    <ClInclude Include="IObject.h">
      <Filter>src\Objects</Filter>
    </ClInclude>
    <ClInclude Include="Object2Base.h">
      <Filter>src\Objects</Filter>
    </ClInclude>
    <ClInclude Include="IShape.h">
      <Filter>src\Shapes</Filter>
    </ClInclude>
    <ClInclude Include="Shape.h">
      <Filter>src\Shapes</Filter>
    </ClInclude>
    <ClInclude Include="Action.h">
      <Filter>src\Actions</Filter>
    </ClInclude>
    <ClInclude Include="ActionsMap.h">
      <Filter>src\Actions</Filter>
    </ClInclude>
    <ClInclude Include="ActionType.h">
      <Filter>src\Actions</Filter>
    </ClInclude>
    <ClInclude Include="KeyUtils.h">
      <Filter>src\InputDevices</Filter>
    </ClInclude>
    <ClInclude Include="Colors.h">
      <Filter>src\Colors</Filter>
    </ClInclude>
    <ClInclude Include="IControl.h">
      <Filter>src\Gui</Filter>
    </ClInclude>
    <ClInclude Include="Control.h">
      <Filter>src\Gui</Filter>
    </ClInclude>
    <ClInclude Include="Label.h">
      <Filter>src\Gui</Filter>
    </ClInclude>
    <ClInclude Include="Text.h">
      <Filter>src\Gui</Filter>
    </ClInclude>
    <ClInclude Include="Form.h">
      <Filter>src\Gui</Filter>
    </ClInclude>
    <ClInclude Include="IGuiEffect.h">
      <Filter>src\GuiEffects</Filter>
    </ClInclude>
    <ClInclude Include="FadeOutEffect.h">
      <Filter>src\GuiEffects</Filter>
    </ClInclude>
    <ClInclude Include="GuiEffect.h">
      <Filter>src\GuiEffects</Filter>
    </ClInclude>
    <ClInclude Include="Panel.h">
      <Filter>src\Gui</Filter>
    </ClInclude>
    <ClInclude Include="CollisionManager.h">
      <Filter>src\Collisions</Filter>
    </ClInclude>
    <ClInclude Include="CollisionPointNormal.h">
      <Filter>src\Collisions</Filter>
    </ClInclude>
    <ClInclude Include="CollisionInfo.h">
      <Filter>src\Collisions</Filter>
    </ClInclude>
    <ClInclude Include="CollisionShape.h">
      <Filter>src\Collisions</Filter>
    </ClInclude>
    <ClInclude Include="CollShapeMover.h">
      <Filter>src\Collisions</Filter>
    </ClInclude>
    <ClInclude Include="CollisionFunctor.h">
      <Filter>src\Collisions</Filter>
    </ClInclude>
    <ClInclude Include="ICollider.h">
      <Filter>src\Collisions\Colliders</Filter>
    </ClInclude>
    <ClInclude Include="StaticCollider.h">
      <Filter>src\Collisions\Colliders</Filter>
    </ClInclude>
    <ClInclude Include="DynamicCollider.h">
      <Filter>src\Collisions\Colliders</Filter>
    </ClInclude>
    <ClInclude Include="KinematicCollider.h">
      <Filter>src\Collisions\Colliders</Filter>
    </ClInclude>
    <ClInclude Include="ColliderBase.h">
      <Filter>src\Collisions\Colliders</Filter>
    </ClInclude>
    <ClInclude Include="IObject2.h">
      <Filter>src\Objects</Filter>
    </ClInclude>
    <ClInclude Include="IObject3.h">
      <Filter>src\Objects</Filter>
    </ClInclude>
    <ClInclude Include="SimpleRenderer.h">
      <Filter>src\Renderers\SimpleRenderer</Filter>
    </ClInclude>
    <ClInclude Include="VsResource.h">
      <Filter>src\Resources\ShaderResources</Filter>
    </ClInclude>
    <ClInclude Include="PsResource.h">
      <Filter>src\Resources\ShaderResources</Filter>
    </ClInclude>
    <ClInclude Include="IVsResource.h">
      <Filter>src\Resources\ShaderResources</Filter>
    </ClInclude>
    <ClInclude Include="IPsResource.h">
      <Filter>src\Resources\ShaderResources</Filter>
    </ClInclude>
    <ClInclude Include="ILoadableResource.h">
      <Filter>src\Resources\LoadableResource</Filter>
    </ClInclude>
    <ClInclude Include="LoadableResource.h">
      <Filter>src\Resources\LoadableResource</Filter>
    </ClInclude>
    <ClInclude Include="PsBinResource.h">
      <Filter>src\Resources\ShaderResources</Filter>
    </ClInclude>
    <ClInclude Include="VsBinResource.h">
      <Filter>src\Resources\ShaderResources</Filter>
    </ClInclude>
    <ClInclude Include="PsHlslResource.h">
      <Filter>src\Resources\ShaderResources</Filter>
    </ClInclude>
    <ClInclude Include="VsHlslResource.h">
      <Filter>src\Resources\ShaderResources</Filter>
    </ClInclude>
    <ClInclude Include="_ShaderUtils.h">
      <Filter>src\Resources\ShaderResources</Filter>
    </ClInclude>
    <ClInclude Include="Button.h">
      <Filter>src\Gui</Filter>
    </ClInclude>
    <ClInclude Include="Layout.h">
      <Filter>src\Gui</Filter>
    </ClInclude>
    <ClInclude Include="ofbx.h">
      <Filter>libs</Filter>
    </ClInclude>
    <ClInclude Include="miniz.h">
      <Filter>libs</Filter>
    </ClInclude>
    <ClInclude Include="IMaterialSequence.h">
      <Filter>src\Model</Filter>
    </ClInclude>
    <ClInclude Include="Object3.h">
      <Filter>src\Objects</Filter>
    </ClInclude>
    <ClInclude Include="MaterialSpan.h">
      <Filter>src\Model</Filter>
    </ClInclude>
    <ClInclude Include="ISimpleRenderer.h">
      <Filter>src\Renderers\SimpleRenderer</Filter>
    </ClInclude>
    <ClInclude Include="Animation.h">
      <Filter>src\AnimationFbx</Filter>
    </ClInclude>
    <ClInclude Include="FbxResource.h">
      <Filter>src\Resources\ModelResources</Filter>
    </ClInclude>
    <ClInclude Include="IFbxResource.h">
      <Filter>src\Resources\ModelResources</Filter>
    </ClInclude>
    <ClInclude Include="IMeshResourceCmo.h">
      <Filter>src\Resources\ModelResources</Filter>
    </ClInclude>
    <ClInclude Include="MeshResourceCmo.h">
      <Filter>src\Resources\ModelResources</Filter>
    </ClInclude>
    <ClInclude Include="Mesh.h">
      <Filter>src\Model</Filter>
    </ClInclude>
    <ClInclude Include="Model.h">
      <Filter>src\Model</Filter>
    </ClInclude>
    <ClInclude Include="IModel.h">
      <Filter>src\Model</Filter>
    </ClInclude>
    <ClInclude Include="OfbxSceneWrapper.h">
      <Filter>src\OfbxSceneWrapper</Filter>
    </ClInclude>
    <ClInclude Include="Aabb.h">
      <Filter>src\Collisions</Filter>
    </ClInclude>
    <ClInclude Include="Shape3d.h">
      <Filter>src\Shapes</Filter>
    </ClInclude>
    <ClInclude Include="IShape3d.h">
      <Filter>src\Shapes</Filter>
    </ClInclude>
    <ClInclude Include="MeshUtils.h">
      <Filter>src\Model</Filter>
    </ClInclude>
    <ClInclude Include="TopologyTypes.h">
      <Filter>src\Model</Filter>
    </ClInclude>
    <ClInclude Include="Checkbox.h">
      <Filter>src\Gui</Filter>
    </ClInclude>
    <ClInclude Include="ControlEvents.h">
      <Filter>src\Gui</Filter>
    </ClInclude>
    <ClInclude Include="Obb.h">
      <Filter>src\Collisions</Filter>
    </ClInclude>
    <ClInclude Include="OceanShader.h">
      <Filter>src\Shaders\OceanShader</Filter>
    </ClInclude>
    <ClInclude Include="IInputController.h">
      <Filter>src\InputControllers</Filter>
    </ClInclude>
    <ClInclude Include="FirstPersonController.h">
      <Filter>src\InputControllers</Filter>
    </ClInclude>
    <ClInclude Include="InputEvents.h">
      <Filter>src\InputDevices</Filter>
    </ClInclude>
    <ClInclude Include="GameEvents.h">
      <Filter>src\Game</Filter>
    </ClInclude>
    <ClInclude Include="FirstPersonCamera.h">
      <Filter>src\Cameras</Filter>
    </ClInclude>
    <ClInclude Include="CameraBase.h">
      <Filter>src\Cameras</Filter>
    </ClInclude>
    <ClInclude Include="MouseMode.h">
      <Filter>src\InputDevices</Filter>
    </ClInclude>
    <ClInclude Include="Slider.h">
      <Filter>src\Gui</Filter>
    </ClInclude>
  </ItemGroup>
  <ItemGroup>
    <ClCompile Include="stdafx.cpp">
      <Filter>src</Filter>
    </ClCompile>
    <ClCompile Include="RenderDevice.cpp">
      <Filter>src\RenderDevice</Filter>
    </ClCompile>
    <ClCompile Include="IRenderDevice.cpp">
      <Filter>src\RenderDevice</Filter>
    </ClCompile>
    <ClCompile Include="ThirdPersonCamera.cpp">
      <Filter>src\Cameras</Filter>
    </ClCompile>
    <ClCompile Include="ICamera.cpp">
      <Filter>src\Cameras</Filter>
    </ClCompile>
    <ClCompile Include="ResourceController.cpp">
      <Filter>src\Resources</Filter>
    </ClCompile>
    <ClCompile Include="IResourceController.cpp">
      <Filter>src\Resources</Filter>
    </ClCompile>
    <ClCompile Include="TextureResource.cpp">
      <Filter>src\Resources\OtherResources</Filter>
    </ClCompile>
    <ClCompile Include="MeshLoader.cpp">
      <Filter>src\Model</Filter>
    </ClCompile>
    <ClCompile Include="MaterialSequence.cpp">
      <Filter>src\Model</Filter>
    </ClCompile>
    <ClCompile Include="VertexBuffer.cpp">
      <Filter>src\Buffers</Filter>
    </ClCompile>
    <ClCompile Include="IndexBuffer.cpp">
      <Filter>src\Buffers</Filter>
    </ClCompile>
    <ClCompile Include="FontResource.cpp">
      <Filter>src\Resources\OtherResources</Filter>
    </ClCompile>
    <ClCompile Include="IRenderer3d.cpp">
      <Filter>src\Renderers\Renderer3d</Filter>
    </ClCompile>
    <ClCompile Include="Renderer3d.cpp">
      <Filter>src\Renderers\Renderer3d</Filter>
    </ClCompile>
    <ClCompile Include="Renderer2d.cpp">
      <Filter>src\Renderers\Renderer2d</Filter>
    </ClCompile>
    <ClCompile Include="IRenderer2d.cpp">
      <Filter>src\Renderers\Renderer2d</Filter>
    </ClCompile>
    <ClCompile Include="Renderer3d_Renders.cpp">
      <Filter>src\Renderers\Renderer3d</Filter>
    </ClCompile>
    <ClCompile Include="IInputDevice.cpp">
      <Filter>src\InputDevice</Filter>
    </ClCompile>
    <ClCompile Include="InputDevice.cpp">
      <Filter>src\InputDevice</Filter>
    </ClCompile>
    <ClCompile Include="InputDevice_Messages.cpp">
      <Filter>src\InputDevice</Filter>
    </ClCompile>
    <ClCompile Include="KeyboardState.cpp">
      <Filter>src\InputDevices</Filter>
    </ClCompile>
    <ClCompile Include="MouseState.cpp">
      <Filter>src\InputDevices</Filter>
    </ClCompile>
    <ClCompile Include="IAnimationController3d.cpp">
      <Filter>src\Animation3d</Filter>
    </ClCompile>
    <ClCompile Include="AnimationController3d.cpp">
      <Filter>src\Animation3d</Filter>
    </ClCompile>
    <ClCompile Include="Sprite.cpp">
      <Filter>src\Sprite</Filter>
    </ClCompile>
    <ClCompile Include="AnimatedSprite.cpp">
      <Filter>src\Sprite</Filter>
    </ClCompile>
    <ClCompile Include="Sprite_save.cpp">
      <Filter>src\Sprite</Filter>
    </ClCompile>
    <ClCompile Include="AnimatedSprite_save.cpp">
      <Filter>src\Sprite</Filter>
    </ClCompile>
    <ClCompile Include="Renderer2dGuard.cpp">
      <Filter>src\Renderers\Renderer2d</Filter>
    </ClCompile>
    <ClCompile Include="Projector.cpp">
      <Filter>src\Projector</Filter>
    </ClCompile>
    <ClCompile Include="Game.cpp">
      <Filter>src\Game</Filter>
    </ClCompile>
    <ClCompile Include="Object2Base.cpp">
      <Filter>src\Objects</Filter>
    </ClCompile>
    <ClCompile Include="Shape.cpp">
      <Filter>src\Shapes</Filter>
    </ClCompile>
    <ClCompile Include="IShape.cpp">
      <Filter>src\Shapes</Filter>
    </ClCompile>
    <ClCompile Include="Action.cpp">
      <Filter>src\Actions</Filter>
    </ClCompile>
    <ClCompile Include="ActionsMap.cpp">
      <Filter>src\Actions</Filter>
    </ClCompile>
    <ClCompile Include="KeyUtils.cpp">
      <Filter>src\InputDevices</Filter>
    </ClCompile>
    <ClCompile Include="Colors.cpp">
      <Filter>src\Colors</Filter>
    </ClCompile>
    <ClCompile Include="Control.cpp">
      <Filter>src\Gui</Filter>
    </ClCompile>
    <ClCompile Include="Label.cpp">
      <Filter>src\Gui</Filter>
    </ClCompile>
    <ClCompile Include="Text.cpp">
      <Filter>src\Gui</Filter>
    </ClCompile>
    <ClCompile Include="FadeOutEffect.cpp">
      <Filter>src\GuiEffects</Filter>
    </ClCompile>
    <ClCompile Include="GuiEffect.cpp">
      <Filter>src\GuiEffects</Filter>
    </ClCompile>
    <ClCompile Include="Panel.cpp">
      <Filter>src\Gui</Filter>
    </ClCompile>
    <ClCompile Include="CollisionManager.cpp">
      <Filter>src\Collisions</Filter>
    </ClCompile>
    <ClCompile Include="CollShapeMover.cpp">
      <Filter>src\Collisions</Filter>
    </ClCompile>
    <ClCompile Include="CollisionFunctor.cpp">
      <Filter>src\Collisions</Filter>
    </ClCompile>
    <ClCompile Include="StaticCollider.cpp">
      <Filter>src\Collisions\Colliders</Filter>
    </ClCompile>
    <ClCompile Include="DynamicCollider.cpp">
      <Filter>src\Collisions\Colliders</Filter>
    </ClCompile>
    <ClCompile Include="KinematicCollider.cpp">
      <Filter>src\Collisions\Colliders</Filter>
    </ClCompile>
    <ClCompile Include="ColliderBase.cpp">
      <Filter>src\Collisions\Colliders</Filter>
    </ClCompile>
    <ClCompile Include="SimpleRenderer.cpp">
      <Filter>src\Renderers\SimpleRenderer</Filter>
    </ClCompile>
    <ClCompile Include="VsResource.cpp">
      <Filter>src\Resources\ShaderResources</Filter>
    </ClCompile>
    <ClCompile Include="PsResource.cpp">
      <Filter>src\Resources\ShaderResources</Filter>
    </ClCompile>
    <ClCompile Include="LoadableResource.cpp">
      <Filter>src\Resources\LoadableResource</Filter>
    </ClCompile>
    <ClCompile Include="PsBinResource.cpp">
      <Filter>src\Resources\ShaderResources</Filter>
    </ClCompile>
    <ClCompile Include="VsBinResource.cpp">
      <Filter>src\Resources\ShaderResources</Filter>
    </ClCompile>
    <ClCompile Include="PsHlslResource.cpp">
      <Filter>src\Resources\ShaderResources</Filter>
    </ClCompile>
    <ClCompile Include="VsHlslResource.cpp">
      <Filter>src\Resources\ShaderResources</Filter>
    </ClCompile>
    <ClCompile Include="_ShaderUtils.cpp">
      <Filter>src\Resources\ShaderResources</Filter>
    </ClCompile>
    <ClCompile Include="Button.cpp">
      <Filter>src\Gui</Filter>
    </ClCompile>
    <ClCompile Include="Layout.cpp">
      <Filter>src\Gui</Filter>
    </ClCompile>
    <ClCompile Include="ofbx.cpp">
      <Filter>libs</Filter>
    </ClCompile>
    <ClCompile Include="miniz.cpp">
      <Filter>libs</Filter>
    </ClCompile>
    <ClCompile Include="Object3.cpp">
      <Filter>src\Objects</Filter>
    </ClCompile>
    <ClCompile Include="ISimpleRenderer.cpp">
      <Filter>src\Renderers\SimpleRenderer</Filter>
    </ClCompile>
    <ClCompile Include="Animation.cpp">
      <Filter>src\AnimationFbx</Filter>
    </ClCompile>
    <ClCompile Include="FbxResource.cpp">
      <Filter>src\Resources\ModelResources</Filter>
    </ClCompile>
    <ClCompile Include="MeshResourceCmo.cpp">
      <Filter>src\Resources\ModelResources</Filter>
    </ClCompile>
    <ClCompile Include="Mesh.cpp">
      <Filter>src\Model</Filter>
    </ClCompile>
    <ClCompile Include="Model.cpp">
      <Filter>src\Model</Filter>
    </ClCompile>
    <ClCompile Include="OfbxSceneWrapper.cpp">
      <Filter>src\OfbxSceneWrapper</Filter>
    </ClCompile>
    <ClCompile Include="Aabb.cpp">
      <Filter>src\Collisions</Filter>
    </ClCompile>
    <ClCompile Include="Shape3d.cpp">
      <Filter>src\Shapes</Filter>
    </ClCompile>
    <ClCompile Include="MeshUtils.cpp">
      <Filter>src\Model</Filter>
    </ClCompile>
    <ClCompile Include="Checkbox.cpp">
      <Filter>src\Gui</Filter>
    </ClCompile>
    <ClCompile Include="Obb.cpp">
      <Filter>src\Collisions</Filter>
    </ClCompile>
    <ClCompile Include="OceanShader.cpp">
      <Filter>src\Shaders\OceanShader</Filter>
    </ClCompile>
    <ClCompile Include="FirstPersonController.cpp">
      <Filter>src\InputControllers</Filter>
    </ClCompile>
    <ClCompile Include="FirstPersonCamera.cpp">
      <Filter>src\Cameras</Filter>
    </ClCompile>
    <ClCompile Include="CameraBase.cpp">
      <Filter>src\Cameras</Filter>
    </ClCompile>
    <ClCompile Include="Slider.cpp">
      <Filter>src\Gui</Filter>
    </ClCompile>
  </ItemGroup>
  <ItemGroup>
    <FxCompile Include="OceanShader.ps.hlsl">
      <Filter>src\Shaders\OceanShader</Filter>
    </FxCompile>
    <FxCompile Include="OceanShader.vs.hlsl">
      <Filter>src\Shaders\OceanShader</Filter>
    </FxCompile>
  </ItemGroup>
</Project>